
Microsoft Visual Studio Solution File, Format Version 12.00
# Visual Studio 2013
VisualStudioVersion = 12.0.40629.0
MinimumVisualStudioVersion = 10.0.40219.1
Project("{FAE04EC0-301F-11D3-BF4B-00C04F79EFBC}") = "MarcelJoachimKloubert", "MarcelJoachimKloubert\MarcelJoachimKloubert.csproj", "{43710A35-B22F-4D86-B869-9DE782D34F7F}"
EndProject
Project("{FAE04EC0-301F-11D3-BF4B-00C04F79EFBC}") = "MarcelJoachimKloubert.Extensions.Data", "MarcelJoachimKloubert.Extensions.Data\MarcelJoachimKloubert.Extensions.Data.csproj", "{F3105324-C568-4AC8-B4FC-BC6A6120B570}"
EndProject
Project("{FAE04EC0-301F-11D3-BF4B-00C04F79EFBC}") = "MarcelJoachimKloubert.Extensions.Windows.Forms", "MarcelJoachimKloubert.Extensions.Windows.Forms\MarcelJoachimKloubert.Extensions.Windows.Forms.csproj", "{EBAE180B-49F5-4CF6-8B7A-A63CA9083FA3}"
EndProject
Project("{FAE04EC0-301F-11D3-BF4B-00C04F79EFBC}") = "MarcelJoachimKloubert.Extensions.Drawing", "MarcelJoachimKloubert.Extensions.Drawing\MarcelJoachimKloubert.Extensions.Drawing.csproj", "{D298628B-EDC5-4E45-B038-E44C5130FBEB}"
EndProject
Project("{FAE04EC0-301F-11D3-BF4B-00C04F79EFBC}") = "MarcelJoachimKloubert.Extensions.Xml", "MarcelJoachimKloubert.Extensions.Xml\MarcelJoachimKloubert.Extensions.Xml.csproj", "{34C46F95-F22A-4E45-ADEB-26B7372A8849}"
EndProject
Project("{FAE04EC0-301F-11D3-BF4B-00C04F79EFBC}") = "MarcelJoachimKloubert.Extensions.UnitTests", "MarcelJoachimKloubert.Extensions.UnitTests\MarcelJoachimKloubert.Extensions.UnitTests.csproj", "{68D1A874-0DEE-4D2E-8C81-E0142FDE021C}"
EndProject
Global
	GlobalSection(SolutionConfigurationPlatforms) = preSolution
		Debug|Any CPU = Debug|Any CPU
		Release|Any CPU = Release|Any CPU
	EndGlobalSection
	GlobalSection(ProjectConfigurationPlatforms) = postSolution
		{43710A35-B22F-4D86-B869-9DE782D34F7F}.Debug|Any CPU.ActiveCfg = Debug|Any CPU
		{43710A35-B22F-4D86-B869-9DE782D34F7F}.Debug|Any CPU.Build.0 = Debug|Any CPU
		{43710A35-B22F-4D86-B869-9DE782D34F7F}.Release|Any CPU.ActiveCfg = Release|Any CPU
		{43710A35-B22F-4D86-B869-9DE782D34F7F}.Release|Any CPU.Build.0 = Release|Any CPU
		{F3105324-C568-4AC8-B4FC-BC6A6120B570}.Debug|Any CPU.ActiveCfg = Debug|Any CPU
		{F3105324-C568-4AC8-B4FC-BC6A6120B570}.Debug|Any CPU.Build.0 = Debug|Any CPU
		{F3105324-C568-4AC8-B4FC-BC6A6120B570}.Release|Any CPU.ActiveCfg = Release|Any CPU
		{F3105324-C568-4AC8-B4FC-BC6A6120B570}.Release|Any CPU.Build.0 = Release|Any CPU
		{EBAE180B-49F5-4CF6-8B7A-A63CA9083FA3}.Debug|Any CPU.ActiveCfg = Debug|Any CPU
		{EBAE180B-49F5-4CF6-8B7A-A63CA9083FA3}.Debug|Any CPU.Build.0 = Debug|Any CPU
		{EBAE180B-49F5-4CF6-8B7A-A63CA9083FA3}.Release|Any CPU.ActiveCfg = Release|Any CPU
		{EBAE180B-49F5-4CF6-8B7A-A63CA9083FA3}.Release|Any CPU.Build.0 = Release|Any CPU
		{D298628B-EDC5-4E45-B038-E44C5130FBEB}.Debug|Any CPU.ActiveCfg = Debug|Any CPU
		{D298628B-EDC5-4E45-B038-E44C5130FBEB}.Debug|Any CPU.Build.0 = Debug|Any CPU
		{D298628B-EDC5-4E45-B038-E44C5130FBEB}.Release|Any CPU.ActiveCfg = Release|Any CPU
		{D298628B-EDC5-4E45-B038-E44C5130FBEB}.Release|Any CPU.Build.0 = Release|Any CPU
		{34C46F95-F22A-4E45-ADEB-26B7372A8849}.Debug|Any CPU.ActiveCfg = Debug|Any CPU
		{34C46F95-F22A-4E45-ADEB-26B7372A8849}.Debug|Any CPU.Build.0 = Debug|Any CPU
		{34C46F95-F22A-4E45-ADEB-26B7372A8849}.Release|Any CPU.ActiveCfg = Release|Any CPU
		{34C46F95-F22A-4E45-ADEB-26B7372A8849}.Release|Any CPU.Build.0 = Release|Any CPU
		{68D1A874-0DEE-4D2E-8C81-E0142FDE021C}.Debug|Any CPU.ActiveCfg = Debug|Any CPU
		{68D1A874-0DEE-4D2E-8C81-E0142FDE021C}.Debug|Any CPU.Build.0 = Debug|Any CPU
		{68D1A874-0DEE-4D2E-8C81-E0142FDE021C}.Release|Any CPU.ActiveCfg = Release|Any CPU
		{68D1A874-0DEE-4D2E-8C81-E0142FDE021C}.Release|Any CPU.Build.0 = Release|Any CPU
	EndGlobalSection
	GlobalSection(SolutionProperties) = preSolution
		HideSolutionNode = FALSE
	EndGlobalSection
EndGlobal
